{
  "nodes": {
    "cmp-nvim-lsp": {
      "flake": false,
      "locked": {
        "lastModified": 1642242623,
        "narHash": "sha256-itlKrCBo8wMNBCknW+7INOyVmwbcwmkGLzpc2lvvqk4=",
        "owner": "hrsh7th",
        "repo": "cmp-nvim-lsp",
        "rev": "ebdfc204afb87f15ce3d3d3f5df0b8181443b5ba",
        "type": "github"
      },
      "original": {
        "owner": "hrsh7th",
        "repo": "cmp-nvim-lsp",
        "type": "github"
      }
    },
    "cmp-snippy": {
      "flake": false,
      "locked": {
        "lastModified": 1632148155,
        "narHash": "sha256-vseoNZtB8jPGAJD8zFJigwKn11rXsNy04ipg0fYM46k=",
        "owner": "dcampos",
        "repo": "cmp-snippy",
        "rev": "9af1635fe40385ffa3dabf322039cb5ae1fd7d35",
        "type": "github"
      },
      "original": {
        "owner": "dcampos",
        "repo": "cmp-snippy",
        "type": "github"
      }
    },
    "coc-omnisharp": {
      "flake": false,
      "locked": {
        "lastModified": 1608601047,
        "narHash": "sha256-ADlvOZX4q6tcUAV5NPoQyNmBlrUGjPkI2ohNcAjsAEQ=",
        "owner": "coc-extensions",
        "repo": "coc-omnisharp",
        "rev": "7a224248758e53bd8920ba52033d0e721f6d4742",
        "type": "github"
      },
      "original": {
        "owner": "coc-extensions",
        "repo": "coc-omnisharp",
        "type": "github"
      }
    },
    "deno": {
      "inputs": {
        "flake-utils": "flake-utils",
        "nixpkgs": [
          "nixpkgs"
        ]
      },
      "locked": {
        "narHash": "sha256-4j3TOQqAlStb98I6C9vpKD1DYhfhlfqi7qmtVSLx56E=",
        "path": "./packages/deno",
        "type": "path"
      },
      "original": {
        "path": "./packages/deno",
        "type": "path"
      }
    },
    "flake-utils": {
      "locked": {
        "lastModified": 1644229661,
        "narHash": "sha256-1YdnJAsNy69bpcjuoKdOYQX0YxZBiCYZo4Twxerqv7k=",
        "owner": "numtide",
        "repo": "flake-utils",
        "rev": "3cecb5b042f7f209c56ffd8371b2711a290ec797",
        "type": "github"
      },
      "original": {
        "owner": "numtide",
        "repo": "flake-utils",
        "type": "github"
      }
    },
    "flake-utils_2": {
      "locked": {
        "lastModified": 1644229661,
        "narHash": "sha256-1YdnJAsNy69bpcjuoKdOYQX0YxZBiCYZo4Twxerqv7k=",
        "owner": "numtide",
        "repo": "flake-utils",
        "rev": "3cecb5b042f7f209c56ffd8371b2711a290ec797",
        "type": "github"
      },
      "original": {
        "owner": "numtide",
        "repo": "flake-utils",
        "type": "github"
      }
    },
    "home-manager": {
      "inputs": {
        "nixpkgs": [
          "nixpkgs"
        ]
      },
      "locked": {
        "lastModified": 1647521104,
        "narHash": "sha256-H9D0fxuwsXNmN3AXCH2EmhcVvOqhVb49TUP3AVpDdCk=",
        "owner": "nix-community",
        "repo": "home-manager",
        "rev": "970b57fd3c93f6c76d5cdfb4da23a5b4010b9e8b",
        "type": "github"
      },
      "original": {
        "owner": "nix-community",
        "repo": "home-manager",
        "type": "github"
      }
    },
    "nixpkgs": {
      "locked": {
        "lastModified": 1647350163,
        "narHash": "sha256-OcMI+PFEHTONthXuEQNddt16Ml7qGvanL3x8QOl2Aao=",
        "owner": "NixOS",
        "repo": "nixpkgs",
        "rev": "3eb07eeafb52bcbf02ce800f032f18d666a9498d",
        "type": "github"
      },
      "original": {
        "id": "nixpkgs",
        "type": "indirect"
      }
    },
    "nvim-github-theme": {
      "flake": false,
      "locked": {
        "lastModified": 1647325146,
        "narHash": "sha256-sSMge1+1YpRssUmTjMqjORjqm9+MDeK9Bk3xCN1CTuw=",
        "owner": "projekt0n",
        "repo": "github-nvim-theme",
        "rev": "e56b49ee45906fe0c11f5be1637de3b2f9b027e3",
        "type": "github"
      },
      "original": {
        "owner": "projekt0n",
        "repo": "github-nvim-theme",
        "type": "github"
      }
    },
    "nvim-lsp-installer": {
      "flake": false,
      "locked": {
        "lastModified": 1647523597,
        "narHash": "sha256-qmKq9Ns018QWsYQv7hYI6+S5yxChV3zXfrpb/39G0yE=",
        "owner": "williamboman",
        "repo": "nvim-lsp-installer",
        "rev": "dc783087bef65cc7c2943d8641ff1b6dfff6e5a9",
        "type": "github"
      },
      "original": {
        "owner": "williamboman",
        "repo": "nvim-lsp-installer",
        "type": "github"
      }
    },
    "nvim-snippy": {
      "flake": false,
      "locked": {
        "lastModified": 1645386008,
        "narHash": "sha256-7uRwoKO1bccmMAVoNIzZrVwb1LY3ihoVFGNazT7LWXk=",
        "owner": "dcampos",
        "repo": "nvim-snippy",
        "rev": "81239281a758c42b8255be53a424359985013752",
        "type": "github"
      },
      "original": {
        "owner": "dcampos",
        "repo": "nvim-snippy",
        "type": "github"
      }
    },
    "nvim-wgsl": {
      "flake": false,
      "locked": {
        "lastModified": 1643764657,
        "narHash": "sha256-bdXBFfYO3eDsRtzjrBIUHJE/HM3nniyU2oy5GrhHL/M=",
        "owner": "DingDean",
        "repo": "wgsl.vim",
        "rev": "114c138463dd017610a42a0c1192741b9b2c2558",
        "type": "github"
      },
      "original": {
        "owner": "DingDean",
        "repo": "wgsl.vim",
        "type": "github"
      }
    },
    "root": {
      "inputs": {
        "cmp-nvim-lsp": "cmp-nvim-lsp",
        "cmp-snippy": "cmp-snippy",
        "coc-omnisharp": "coc-omnisharp",
        "deno": "deno",
        "flake-utils": "flake-utils_2",
        "home-manager": "home-manager",
        "nixpkgs": "nixpkgs",
        "nvim-github-theme": "nvim-github-theme",
        "nvim-lsp-installer": "nvim-lsp-installer",
        "nvim-snippy": "nvim-snippy",
        "nvim-wgsl": "nvim-wgsl",
        "vim-autosave": "vim-autosave",
        "zsh-256color": "zsh-256color"
      }
    },
    "vim-autosave": {
      "flake": false,
      "locked": {
        "lastModified": 1634287348,
        "narHash": "sha256-9kvTtfCIq6kTe2Ir81is3is2VXfdEQV92vpEXhYsB/w=",
        "owner": "907th",
        "repo": "vim-auto-save",
        "rev": "d8ff037621e2351278cf0892ca19ee7ce479e802",
        "type": "github"
      },
      "original": {
        "owner": "907th",
        "repo": "vim-auto-save",
        "type": "github"
      }
    },
    "zsh-256color": {
      "flake": false,
      "locked": {
        "lastModified": 1563652855,
        "narHash": "sha256-Qd9pjDSQk+kz++/UjGVbM4AhAklc1xSTimLQXxN57pI=",
        "owner": "chrissicool",
        "repo": "zsh-256color",
        "rev": "9d8fa1015dfa895f2258c2efc668bc7012f06da6",
        "type": "github"
      },
      "original": {
        "owner": "chrissicool",
        "repo": "zsh-256color",
        "type": "github"
      }
    }
  },
  "root": "root",
  "version": 7
}
