{
  "nodes": {
    "cmp-nvim-lsp": {
      "flake": false,
      "locked": {
        "lastModified": 1642242623,
        "narHash": "sha256-itlKrCBo8wMNBCknW+7INOyVmwbcwmkGLzpc2lvvqk4=",
        "owner": "hrsh7th",
        "repo": "cmp-nvim-lsp",
        "rev": "ebdfc204afb87f15ce3d3d3f5df0b8181443b5ba",
        "type": "github"
      },
      "original": {
        "owner": "hrsh7th",
        "repo": "cmp-nvim-lsp",
        "type": "github"
      }
    },
    "cmp-snippy": {
      "flake": false,
      "locked": {
        "lastModified": 1632148155,
        "narHash": "sha256-vseoNZtB8jPGAJD8zFJigwKn11rXsNy04ipg0fYM46k=",
        "owner": "dcampos",
        "repo": "cmp-snippy",
        "rev": "9af1635fe40385ffa3dabf322039cb5ae1fd7d35",
        "type": "github"
      },
      "original": {
        "owner": "dcampos",
        "repo": "cmp-snippy",
        "type": "github"
      }
    },
    "coc-omnisharp": {
      "flake": false,
      "locked": {
        "lastModified": 1608601047,
        "narHash": "sha256-ADlvOZX4q6tcUAV5NPoQyNmBlrUGjPkI2ohNcAjsAEQ=",
        "owner": "coc-extensions",
        "repo": "coc-omnisharp",
        "rev": "7a224248758e53bd8920ba52033d0e721f6d4742",
        "type": "github"
      },
      "original": {
        "owner": "coc-extensions",
        "repo": "coc-omnisharp",
        "type": "github"
      }
    },
    "deno": {
      "inputs": {
        "flake-utils": "flake-utils",
        "nixpkgs": [
          "nixpkgs"
        ]
      },
      "locked": {
        "narHash": "sha256-jbsdbLhp/7DWBxDwDI83SBLz72PIXWdtjPFsQJLEoZg=",
        "path": "./packages/deno",
        "type": "path"
      },
      "original": {
        "path": "./packages/deno",
        "type": "path"
      }
    },
    "flake-utils": {
      "locked": {
        "lastModified": 1644229661,
        "narHash": "sha256-1YdnJAsNy69bpcjuoKdOYQX0YxZBiCYZo4Twxerqv7k=",
        "owner": "numtide",
        "repo": "flake-utils",
        "rev": "3cecb5b042f7f209c56ffd8371b2711a290ec797",
        "type": "github"
      },
      "original": {
        "owner": "numtide",
        "repo": "flake-utils",
        "type": "github"
      }
    },
    "flake-utils_2": {
      "locked": {
        "lastModified": 1644229661,
        "narHash": "sha256-1YdnJAsNy69bpcjuoKdOYQX0YxZBiCYZo4Twxerqv7k=",
        "owner": "numtide",
        "repo": "flake-utils",
        "rev": "3cecb5b042f7f209c56ffd8371b2711a290ec797",
        "type": "github"
      },
      "original": {
        "owner": "numtide",
        "repo": "flake-utils",
        "type": "github"
      }
    },
    "home-manager": {
      "inputs": {
        "nixpkgs": [
          "nixpkgs"
        ]
      },
      "locked": {
        "lastModified": 1646559628,
        "narHash": "sha256-WDoqxH/IPTV8CkI15wwzvXYgXq9UPr8xd8WKziuaynw=",
        "owner": "nix-community",
        "repo": "home-manager",
        "rev": "afe96e7433c513bf82375d41473c57d1f66b4e68",
        "type": "github"
      },
      "original": {
        "owner": "nix-community",
        "repo": "home-manager",
        "type": "github"
      }
    },
    "nixpkgs": {
      "locked": {
        "lastModified": 1646470760,
        "narHash": "sha256-dQISyucVCCPaFioUhy5ZgfBz8rOMKGI8k13aPDFTqEs=",
        "owner": "NixOS",
        "repo": "nixpkgs",
        "rev": "1fc7212a2c3992eedc6eedf498955c321ad81cc2",
        "type": "github"
      },
      "original": {
        "id": "nixpkgs",
        "type": "indirect"
      }
    },
    "nvim-github-theme": {
      "flake": false,
      "locked": {
        "lastModified": 1645953701,
        "narHash": "sha256-FZGmcsc0GWW32gEvcBkJh+oFPjRamsFTRJd8VTAf5QY=",
        "owner": "projekt0n",
        "repo": "github-nvim-theme",
        "rev": "4ad832edd70be94af43fd3f21065e73987b4176e",
        "type": "github"
      },
      "original": {
        "owner": "projekt0n",
        "repo": "github-nvim-theme",
        "type": "github"
      }
    },
    "nvim-lsp-installer": {
      "flake": false,
      "locked": {
        "lastModified": 1646603325,
        "narHash": "sha256-/FDLON+aRakiX36euP0Z3h8790K1jf0v7D3jdj/gLNg=",
        "owner": "williamboman",
        "repo": "nvim-lsp-installer",
        "rev": "6e6d75b7a446a13ec2bdaaf7934c071936ad3d8c",
        "type": "github"
      },
      "original": {
        "owner": "williamboman",
        "repo": "nvim-lsp-installer",
        "type": "github"
      }
    },
    "nvim-snippy": {
      "flake": false,
      "locked": {
        "lastModified": 1645386008,
        "narHash": "sha256-7uRwoKO1bccmMAVoNIzZrVwb1LY3ihoVFGNazT7LWXk=",
        "owner": "dcampos",
        "repo": "nvim-snippy",
        "rev": "81239281a758c42b8255be53a424359985013752",
        "type": "github"
      },
      "original": {
        "owner": "dcampos",
        "repo": "nvim-snippy",
        "type": "github"
      }
    },
    "nvim-wgsl": {
      "flake": false,
      "locked": {
        "lastModified": 1643764657,
        "narHash": "sha256-bdXBFfYO3eDsRtzjrBIUHJE/HM3nniyU2oy5GrhHL/M=",
        "owner": "DingDean",
        "repo": "wgsl.vim",
        "rev": "114c138463dd017610a42a0c1192741b9b2c2558",
        "type": "github"
      },
      "original": {
        "owner": "DingDean",
        "repo": "wgsl.vim",
        "type": "github"
      }
    },
    "root": {
      "inputs": {
        "cmp-nvim-lsp": "cmp-nvim-lsp",
        "cmp-snippy": "cmp-snippy",
        "coc-omnisharp": "coc-omnisharp",
        "deno": "deno",
        "flake-utils": "flake-utils_2",
        "home-manager": "home-manager",
        "nixpkgs": "nixpkgs",
        "nvim-github-theme": "nvim-github-theme",
        "nvim-lsp-installer": "nvim-lsp-installer",
        "nvim-snippy": "nvim-snippy",
        "nvim-wgsl": "nvim-wgsl",
        "vim-autosave": "vim-autosave",
        "zsh-256color": "zsh-256color"
      }
    },
    "vim-autosave": {
      "flake": false,
      "locked": {
        "lastModified": 1634287348,
        "narHash": "sha256-9kvTtfCIq6kTe2Ir81is3is2VXfdEQV92vpEXhYsB/w=",
        "owner": "907th",
        "repo": "vim-auto-save",
        "rev": "d8ff037621e2351278cf0892ca19ee7ce479e802",
        "type": "github"
      },
      "original": {
        "owner": "907th",
        "repo": "vim-auto-save",
        "type": "github"
      }
    },
    "zsh-256color": {
      "flake": false,
      "locked": {
        "lastModified": 1563652855,
        "narHash": "sha256-Qd9pjDSQk+kz++/UjGVbM4AhAklc1xSTimLQXxN57pI=",
        "owner": "chrissicool",
        "repo": "zsh-256color",
        "rev": "9d8fa1015dfa895f2258c2efc668bc7012f06da6",
        "type": "github"
      },
      "original": {
        "owner": "chrissicool",
        "repo": "zsh-256color",
        "type": "github"
      }
    }
  },
  "root": "root",
  "version": 7
}
