{
  "nodes": {
    "cmp-nvim-lsp": {
      "flake": false,
      "locked": {
        "lastModified": 1652705110,
        "narHash": "sha256-19Ka4EQhqo//IMjJ/DnXiHsevVWFy2M90oSjmBFfCO0=",
        "owner": "hrsh7th",
        "repo": "cmp-nvim-lsp",
        "rev": "affe808a5c56b71630f17aa7c38e15c59fd648a8",
        "type": "github"
      },
      "original": {
        "owner": "hrsh7th",
        "repo": "cmp-nvim-lsp",
        "type": "github"
      }
    },
    "cmp-snippy": {
      "flake": false,
      "locked": {
        "lastModified": 1632148155,
        "narHash": "sha256-vseoNZtB8jPGAJD8zFJigwKn11rXsNy04ipg0fYM46k=",
        "owner": "dcampos",
        "repo": "cmp-snippy",
        "rev": "9af1635fe40385ffa3dabf322039cb5ae1fd7d35",
        "type": "github"
      },
      "original": {
        "owner": "dcampos",
        "repo": "cmp-snippy",
        "type": "github"
      }
    },
    "coc-omnisharp": {
      "flake": false,
      "locked": {
        "lastModified": 1648713702,
        "narHash": "sha256-gC1DbS07smpjJaAh9ZaeX6FETKBlIY+jd7leV5wmJW0=",
        "owner": "coc-extensions",
        "repo": "coc-omnisharp",
        "rev": "d34b6937f478793fd6fc0779f1e720025d254efd",
        "type": "github"
      },
      "original": {
        "owner": "coc-extensions",
        "repo": "coc-omnisharp",
        "type": "github"
      }
    },
    "deno": {
      "inputs": {
        "flake-utils": "flake-utils",
        "nixpkgs": [
          "nixpkgs"
        ]
      },
      "locked": {
        "lastModified": 1,
        "narHash": "sha256-TU2aLw9PHBIp0YLSMWK8yjUBFZ+VEWP+/HPkVASWwG8=",
        "path": "./packages/deno",
        "type": "path"
      },
      "original": {
        "path": "./packages/deno",
        "type": "path"
      }
    },
    "flake-utils": {
      "locked": {
        "lastModified": 1656928814,
        "narHash": "sha256-RIFfgBuKz6Hp89yRr7+NR5tzIAbn52h8vT6vXkYjZoM=",
        "owner": "numtide",
        "repo": "flake-utils",
        "rev": "7e2a3b3dfd9af950a856d66b0a7d01e3c18aa249",
        "type": "github"
      },
      "original": {
        "owner": "numtide",
        "repo": "flake-utils",
        "type": "github"
      }
    },
    "flake-utils_2": {
      "locked": {
        "lastModified": 1656928814,
        "narHash": "sha256-RIFfgBuKz6Hp89yRr7+NR5tzIAbn52h8vT6vXkYjZoM=",
        "owner": "numtide",
        "repo": "flake-utils",
        "rev": "7e2a3b3dfd9af950a856d66b0a7d01e3c18aa249",
        "type": "github"
      },
      "original": {
        "owner": "numtide",
        "repo": "flake-utils",
        "type": "github"
      }
    },
    "home-manager": {
      "inputs": {
        "nixpkgs": [
          "nixpkgs"
        ],
        "utils": "utils"
      },
      "locked": {
        "lastModified": 1658924727,
        "narHash": "sha256-Fhh9FK9CvuCLxG1WkWJPoendDeXKI4gHYTfezo1n2Zg=",
        "owner": "nix-community",
        "repo": "home-manager",
        "rev": "0e2f7876d2f2ae98a67d89a8bef8c49332aae5af",
        "type": "github"
      },
      "original": {
        "owner": "nix-community",
        "repo": "home-manager",
        "type": "github"
      }
    },
    "nixpkgs": {
      "locked": {
        "lastModified": 1658911304,
        "narHash": "sha256-CE76URiDPkmoENzkNi1UZBFY5JXXTFaeGcOG3yqE5jc=",
        "owner": "NixOS",
        "repo": "nixpkgs",
        "rev": "b04e7f5ce45856bdd9d25d7b4ee3d924f56cf390",
        "type": "github"
      },
      "original": {
        "id": "nixpkgs",
        "type": "indirect"
      }
    },
    "nvim-github-theme": {
      "flake": false,
      "locked": {
        "lastModified": 1658829336,
        "narHash": "sha256-BXbuee35rV0j9Qy4ak+Iw3Pv0bLj0nbheHqoPBDfN5s=",
        "owner": "projekt0n",
        "repo": "github-nvim-theme",
        "rev": "6c9b575a6bd28ddce3ca282955c77d426c20cec3",
        "type": "github"
      },
      "original": {
        "owner": "projekt0n",
        "repo": "github-nvim-theme",
        "type": "github"
      }
    },
    "nvim-lsp-installer": {
      "flake": false,
      "locked": {
        "lastModified": 1658842139,
        "narHash": "sha256-kKCx215bnaf1izAXQW22JgPoOjOCdZ+ZhmkJL88f2UY=",
        "owner": "williamboman",
        "repo": "nvim-lsp-installer",
        "rev": "ff51c2173d2917517c96f22d9c21940307930b57",
        "type": "github"
      },
      "original": {
        "owner": "williamboman",
        "repo": "nvim-lsp-installer",
        "type": "github"
      }
    },
    "nvim-snippy": {
      "flake": false,
      "locked": {
        "lastModified": 1658237507,
        "narHash": "sha256-ZXKnBZ2M/pq4T8gqIVq4bKh4t7eRcXkYpHv5JP/28nA=",
        "owner": "dcampos",
        "repo": "nvim-snippy",
        "rev": "dc5474332379c31ac8c74e1e5d1c7a27f0b8177e",
        "type": "github"
      },
      "original": {
        "owner": "dcampos",
        "repo": "nvim-snippy",
        "type": "github"
      }
    },
    "nvim-wgsl": {
      "flake": false,
      "locked": {
        "lastModified": 1651371976,
        "narHash": "sha256-BCuJkp8hhM2w6kMPoTGgeiryKO94EXTPBhKzcd8yDKM=",
        "owner": "DingDean",
        "repo": "wgsl.vim",
        "rev": "fbe8f0dd179aec8525d6c93bb992e409b0e4e0ee",
        "type": "github"
      },
      "original": {
        "owner": "DingDean",
        "repo": "wgsl.vim",
        "type": "github"
      }
    },
    "root": {
      "inputs": {
        "cmp-nvim-lsp": "cmp-nvim-lsp",
        "cmp-snippy": "cmp-snippy",
        "coc-omnisharp": "coc-omnisharp",
        "deno": "deno",
        "flake-utils": "flake-utils_2",
        "home-manager": "home-manager",
        "nixpkgs": "nixpkgs",
        "nvim-github-theme": "nvim-github-theme",
        "nvim-lsp-installer": "nvim-lsp-installer",
        "nvim-snippy": "nvim-snippy",
        "nvim-wgsl": "nvim-wgsl",
        "vim-autosave": "vim-autosave",
        "zsh-256color": "zsh-256color"
      }
    },
    "utils": {
      "locked": {
        "lastModified": 1653893745,
        "narHash": "sha256-0jntwV3Z8//YwuOjzhV2sgJJPt+HY6KhU7VZUL0fKZQ=",
        "owner": "numtide",
        "repo": "flake-utils",
        "rev": "1ed9fb1935d260de5fe1c2f7ee0ebaae17ed2fa1",
        "type": "github"
      },
      "original": {
        "owner": "numtide",
        "repo": "flake-utils",
        "type": "github"
      }
    },
    "vim-autosave": {
      "flake": false,
      "locked": {
        "lastModified": 1658556341,
        "narHash": "sha256-fm5DEuZ3ATQyg9JVKxsYqVC7fHUZqEXGTm0falBFoOo=",
        "owner": "907th",
        "repo": "vim-auto-save",
        "rev": "038c104f67a63d4a39bef1ce5d60716fbebf1b24",
        "type": "github"
      },
      "original": {
        "owner": "907th",
        "repo": "vim-auto-save",
        "type": "github"
      }
    },
    "zsh-256color": {
      "flake": false,
      "locked": {
        "lastModified": 1563652855,
        "narHash": "sha256-Qd9pjDSQk+kz++/UjGVbM4AhAklc1xSTimLQXxN57pI=",
        "owner": "chrissicool",
        "repo": "zsh-256color",
        "rev": "9d8fa1015dfa895f2258c2efc668bc7012f06da6",
        "type": "github"
      },
      "original": {
        "owner": "chrissicool",
        "repo": "zsh-256color",
        "type": "github"
      }
    }
  },
  "root": "root",
  "version": 7
}
